
Microsoft Visual Studio Solution File, Format Version 12.00
# Visual Studio 2013
VisualStudioVersion = 12.0.31101.0
MinimumVisualStudioVersion = 10.0.40219.1
Project("{FAE04EC0-301F-11D3-BF4B-00C04F79EFBC}") = "website", "website\website.csproj", "{A101774B-4A79-467B-BD5F-4E187594E1E9}"
EndProject
Project("{FAE04EC0-301F-11D3-BF4B-00C04F79EFBC}") = "DataLibrary", "DataLibrary\DataLibrary.csproj", "{A24981A5-A871-489E-A621-1BC35F5547EF}"
EndProject
Project("{FAE04EC0-301F-11D3-BF4B-00C04F79EFBC}") = "ServiceLibrary", "ServiceLibrary\ServiceLibrary.csproj", "{2F06FCC6-171C-441B-84BE-BEF225317262}"
EndProject
Project("{FAE04EC0-301F-11D3-BF4B-00C04F79EFBC}") = "admin", "admin\admin.csproj", "{3CA568D0-CBB4-4BE4-AD00-529AD8A197CC}"
EndProject
Project("{FAE04EC0-301F-11D3-BF4B-00C04F79EFBC}") = "SiteHealthMonitor", "SiteHealthMonitor\SiteHealthMonitor.csproj", "{5CD5CDA5-4FD3-4124-85D1-0C583A7C5C9C}"
EndProject
Project("{FAE04EC0-301F-11D3-BF4B-00C04F79EFBC}") = "Tests.Data", "Tests.Data\Tests.Data.csproj", "{F480C99C-07A2-401F-BF56-6C06A3D6AC60}"
EndProject
Project("{FAE04EC0-301F-11D3-BF4B-00C04F79EFBC}") = "Tests.Services", "Tests.Services\Tests.Services.csproj", "{EC7C4688-C452-4ACB-BE2C-5A94E45F75B6}"
EndProject
Project("{FAE04EC0-301F-11D3-BF4B-00C04F79EFBC}") = "Tests.Admin", "Tests.Admin\Tests.Admin.csproj", "{DC617A20-5073-42E0-93CB-861154002E34}"
EndProject
Global
	GlobalSection(SolutionConfigurationPlatforms) = preSolution
		Debug|Any CPU = Debug|Any CPU
		Release|Any CPU = Release|Any CPU
	EndGlobalSection
	GlobalSection(ProjectConfigurationPlatforms) = postSolution
		{A101774B-4A79-467B-BD5F-4E187594E1E9}.Debug|Any CPU.ActiveCfg = Debug|Any CPU
		{A101774B-4A79-467B-BD5F-4E187594E1E9}.Debug|Any CPU.Build.0 = Debug|Any CPU
		{A101774B-4A79-467B-BD5F-4E187594E1E9}.Release|Any CPU.ActiveCfg = Release|Any CPU
		{A101774B-4A79-467B-BD5F-4E187594E1E9}.Release|Any CPU.Build.0 = Release|Any CPU
		{A24981A5-A871-489E-A621-1BC35F5547EF}.Debug|Any CPU.ActiveCfg = Debug|Any CPU
		{A24981A5-A871-489E-A621-1BC35F5547EF}.Debug|Any CPU.Build.0 = Debug|Any CPU
		{A24981A5-A871-489E-A621-1BC35F5547EF}.Release|Any CPU.ActiveCfg = Release|Any CPU
		{A24981A5-A871-489E-A621-1BC35F5547EF}.Release|Any CPU.Build.0 = Release|Any CPU
		{2F06FCC6-171C-441B-84BE-BEF225317262}.Debug|Any CPU.ActiveCfg = Debug|Any CPU
		{2F06FCC6-171C-441B-84BE-BEF225317262}.Debug|Any CPU.Build.0 = Debug|Any CPU
		{2F06FCC6-171C-441B-84BE-BEF225317262}.Release|Any CPU.ActiveCfg = Release|Any CPU
		{2F06FCC6-171C-441B-84BE-BEF225317262}.Release|Any CPU.Build.0 = Release|Any CPU
		{3CA568D0-CBB4-4BE4-AD00-529AD8A197CC}.Debug|Any CPU.ActiveCfg = Debug|Any CPU
		{3CA568D0-CBB4-4BE4-AD00-529AD8A197CC}.Debug|Any CPU.Build.0 = Debug|Any CPU
		{3CA568D0-CBB4-4BE4-AD00-529AD8A197CC}.Release|Any CPU.ActiveCfg = Release|Any CPU
		{3CA568D0-CBB4-4BE4-AD00-529AD8A197CC}.Release|Any CPU.Build.0 = Release|Any CPU
		{5CD5CDA5-4FD3-4124-85D1-0C583A7C5C9C}.Debug|Any CPU.ActiveCfg = Debug|Any CPU
		{5CD5CDA5-4FD3-4124-85D1-0C583A7C5C9C}.Debug|Any CPU.Build.0 = Debug|Any CPU
		{5CD5CDA5-4FD3-4124-85D1-0C583A7C5C9C}.Release|Any CPU.ActiveCfg = Release|Any CPU
		{5CD5CDA5-4FD3-4124-85D1-0C583A7C5C9C}.Release|Any CPU.Build.0 = Release|Any CPU
		{F480C99C-07A2-401F-BF56-6C06A3D6AC60}.Debug|Any CPU.ActiveCfg = Debug|Any CPU
		{F480C99C-07A2-401F-BF56-6C06A3D6AC60}.Debug|Any CPU.Build.0 = Debug|Any CPU
		{F480C99C-07A2-401F-BF56-6C06A3D6AC60}.Release|Any CPU.ActiveCfg = Release|Any CPU
		{F480C99C-07A2-401F-BF56-6C06A3D6AC60}.Release|Any CPU.Build.0 = Release|Any CPU
		{EC7C4688-C452-4ACB-BE2C-5A94E45F75B6}.Debug|Any CPU.ActiveCfg = Debug|Any CPU
		{EC7C4688-C452-4ACB-BE2C-5A94E45F75B6}.Debug|Any CPU.Build.0 = Debug|Any CPU
		{EC7C4688-C452-4ACB-BE2C-5A94E45F75B6}.Release|Any CPU.ActiveCfg = Release|Any CPU
		{EC7C4688-C452-4ACB-BE2C-5A94E45F75B6}.Release|Any CPU.Build.0 = Release|Any CPU
		{DC617A20-5073-42E0-93CB-861154002E34}.Debug|Any CPU.ActiveCfg = Debug|Any CPU
		{DC617A20-5073-42E0-93CB-861154002E34}.Debug|Any CPU.Build.0 = Debug|Any CPU
		{DC617A20-5073-42E0-93CB-861154002E34}.Release|Any CPU.ActiveCfg = Release|Any CPU
		{DC617A20-5073-42E0-93CB-861154002E34}.Release|Any CPU.Build.0 = Release|Any CPU
	EndGlobalSection
	GlobalSection(SolutionProperties) = preSolution
		HideSolutionNode = FALSE
	EndGlobalSection
EndGlobal
